
Microsoft Visual Studio Solution File, Format Version 12.00
# Visual Studio Version 17
VisualStudioVersion = 17.9.34701.34
MinimumVisualStudioVersion = 10.0.40219.1
Project("{FAE04EC0-301F-11D3-BF4B-00C04F79EFBC}") = "proyectoC2", "proyectoC2\proyectoC2.csproj", "{91433196-9F34-4A08-9B5B-AAFCA65A234B}"
EndProject
Global
	GlobalSection(SolutionConfigurationPlatforms) = preSolution
		Debug|Any CPU = Debug|Any CPU
		Release|Any CPU = Release|Any CPU
	EndGlobalSection
	GlobalSection(ProjectConfigurationPlatforms) = postSolution
		{91433196-9F34-4A08-9B5B-AAFCA65A234B}.Debug|Any CPU.ActiveCfg = Debug|Any CPU
		{91433196-9F34-4A08-9B5B-AAFCA65A234B}.Debug|Any CPU.Build.0 = Debug|Any CPU
		{91433196-9F34-4A08-9B5B-AAFCA65A234B}.Release|Any CPU.ActiveCfg = Release|Any CPU
		{91433196-9F34-4A08-9B5B-AAFCA65A234B}.Release|Any CPU.Build.0 = Release|Any CPU
	EndGlobalSection
	GlobalSection(SolutionProperties) = preSolution
		HideSolutionNode = FALSE
	EndGlobalSection
	GlobalSection(ExtensibilityGlobals) = postSolution
		SolutionGuid = {DC41D225-6ECF-4D0A-98FF-45EAF65B19CC}
	EndGlobalSection
EndGlobal
